// !$*UTF8*$!
{
	archiveVersion = 1;
	classes = {
	};
	objectVersion = 56;
	objects = {

/* Begin PBXBuildFile section */
		1F1ABF7A2B110B0D0060FDEF /* Colors.swift in Sources */ = {isa = PBXBuildFile; fileRef = 1F1ABF792B110B0D0060FDEF /* Colors.swift */; };
		1F4C8AD92B2BD75200DD09AE /* EditPageFeature.swift in Sources */ = {isa = PBXBuildFile; fileRef = 1F4C8AD82B2BD75200DD09AE /* EditPageFeature.swift */; };
		1F4C8ADB2B2BF7FC00DD09AE /* View+Extensions.swift in Sources */ = {isa = PBXBuildFile; fileRef = 1F4C8ADA2B2BF7FC00DD09AE /* View+Extensions.swift */; };
		1F5282E62B16C65E000F5260 /* GoogleService-Info.plist in Resources */ = {isa = PBXBuildFile; fileRef = 1F5282E52B16C65E000F5260 /* GoogleService-Info.plist */; };
		1F5282EA2B16C8D7000F5260 /* FirebaseAnalytics in Frameworks */ = {isa = PBXBuildFile; productRef = 1F5282E92B16C8D7000F5260 /* FirebaseAnalytics */; };
		1F5282EC2B16C8D7000F5260 /* FirebaseAnalyticsOnDeviceConversion in Frameworks */ = {isa = PBXBuildFile; productRef = 1F5282EB2B16C8D7000F5260 /* FirebaseAnalyticsOnDeviceConversion */; };
		1F5282EE2B16C8D7000F5260 /* FirebaseAnalyticsSwift in Frameworks */ = {isa = PBXBuildFile; productRef = 1F5282ED2B16C8D7000F5260 /* FirebaseAnalyticsSwift */; };
		1F5282F02B16C8D7000F5260 /* FirebaseAnalyticsWithoutAdIdSupport in Frameworks */ = {isa = PBXBuildFile; productRef = 1F5282EF2B16C8D7000F5260 /* FirebaseAnalyticsWithoutAdIdSupport */; };
		1F5282F22B16C8D7000F5260 /* FirebaseAppCheck in Frameworks */ = {isa = PBXBuildFile; productRef = 1F5282F12B16C8D7000F5260 /* FirebaseAppCheck */; };
		1F5282F42B16C8D7000F5260 /* FirebaseAppDistribution-Beta in Frameworks */ = {isa = PBXBuildFile; productRef = 1F5282F32B16C8D7000F5260 /* FirebaseAppDistribution-Beta */; };
		1F5282F62B16C8D7000F5260 /* FirebaseAuth in Frameworks */ = {isa = PBXBuildFile; productRef = 1F5282F52B16C8D7000F5260 /* FirebaseAuth */; };
		1F5282F82B16C8D7000F5260 /* FirebaseAuthCombine-Community in Frameworks */ = {isa = PBXBuildFile; productRef = 1F5282F72B16C8D7000F5260 /* FirebaseAuthCombine-Community */; };
		1F5282FA2B16C8D7000F5260 /* FirebaseCrashlytics in Frameworks */ = {isa = PBXBuildFile; productRef = 1F5282F92B16C8D7000F5260 /* FirebaseCrashlytics */; };
		1F5282FC2B16C8D7000F5260 /* FirebaseDatabase in Frameworks */ = {isa = PBXBuildFile; productRef = 1F5282FB2B16C8D7000F5260 /* FirebaseDatabase */; };
		1F5282FE2B16C8D7000F5260 /* FirebaseDatabaseSwift in Frameworks */ = {isa = PBXBuildFile; productRef = 1F5282FD2B16C8D7000F5260 /* FirebaseDatabaseSwift */; };
		1F5283002B16C8D7000F5260 /* FirebaseDynamicLinks in Frameworks */ = {isa = PBXBuildFile; productRef = 1F5282FF2B16C8D7000F5260 /* FirebaseDynamicLinks */; };
		1F5283022B16C8D7000F5260 /* FirebaseFirestore in Frameworks */ = {isa = PBXBuildFile; productRef = 1F5283012B16C8D7000F5260 /* FirebaseFirestore */; };
		1F5283042B16C8D7000F5260 /* FirebaseFirestoreCombine-Community in Frameworks */ = {isa = PBXBuildFile; productRef = 1F5283032B16C8D7000F5260 /* FirebaseFirestoreCombine-Community */; };
		1F5283062B16C8D7000F5260 /* FirebaseFirestoreSwift in Frameworks */ = {isa = PBXBuildFile; productRef = 1F5283052B16C8D7000F5260 /* FirebaseFirestoreSwift */; };
		1F5283082B16C8D7000F5260 /* FirebaseFunctions in Frameworks */ = {isa = PBXBuildFile; productRef = 1F5283072B16C8D7000F5260 /* FirebaseFunctions */; };
		1F52830A2B16C8D7000F5260 /* FirebaseFunctionsCombine-Community in Frameworks */ = {isa = PBXBuildFile; productRef = 1F5283092B16C8D7000F5260 /* FirebaseFunctionsCombine-Community */; };
		1F52830C2B16C8D7000F5260 /* FirebaseInAppMessaging-Beta in Frameworks */ = {isa = PBXBuildFile; productRef = 1F52830B2B16C8D7000F5260 /* FirebaseInAppMessaging-Beta */; };
		1F52830E2B16C8D7000F5260 /* FirebaseInAppMessagingSwift-Beta in Frameworks */ = {isa = PBXBuildFile; productRef = 1F52830D2B16C8D7000F5260 /* FirebaseInAppMessagingSwift-Beta */; };
		1F5283102B16C8D7000F5260 /* FirebaseInstallations in Frameworks */ = {isa = PBXBuildFile; productRef = 1F52830F2B16C8D7000F5260 /* FirebaseInstallations */; };
		1F5283122B16C8D7000F5260 /* FirebaseMLModelDownloader in Frameworks */ = {isa = PBXBuildFile; productRef = 1F5283112B16C8D7000F5260 /* FirebaseMLModelDownloader */; };
		1F5283142B16C8D7000F5260 /* FirebaseMessaging in Frameworks */ = {isa = PBXBuildFile; productRef = 1F5283132B16C8D7000F5260 /* FirebaseMessaging */; };
		1F5283162B16C8D7000F5260 /* FirebasePerformance in Frameworks */ = {isa = PBXBuildFile; productRef = 1F5283152B16C8D7000F5260 /* FirebasePerformance */; };
		1F5283182B16C8D7000F5260 /* FirebaseRemoteConfig in Frameworks */ = {isa = PBXBuildFile; productRef = 1F5283172B16C8D7000F5260 /* FirebaseRemoteConfig */; };
		1F52831A2B16C8D7000F5260 /* FirebaseRemoteConfigSwift in Frameworks */ = {isa = PBXBuildFile; productRef = 1F5283192B16C8D7000F5260 /* FirebaseRemoteConfigSwift */; };
		1F52831C2B16C8D7000F5260 /* FirebaseStorage in Frameworks */ = {isa = PBXBuildFile; productRef = 1F52831B2B16C8D7000F5260 /* FirebaseStorage */; };
		1F52831E2B16C8D7000F5260 /* FirebaseStorageCombine-Community in Frameworks */ = {isa = PBXBuildFile; productRef = 1F52831D2B16C8D7000F5260 /* FirebaseStorageCombine-Community */; };
		1F5283212B16CF49000F5260 /* FirestoreNetworking.swift in Sources */ = {isa = PBXBuildFile; fileRef = 1F5283202B16CF49000F5260 /* FirestoreNetworking.swift */; };
		1F5283232B16CF86000F5260 /* Codable+Extensions.swift in Sources */ = {isa = PBXBuildFile; fileRef = 1F5283222B16CF86000F5260 /* Codable+Extensions.swift */; };
		1F5283262B16CFB2000F5260 /* BetterCodable in Frameworks */ = {isa = PBXBuildFile; productRef = 1F5283252B16CFB2000F5260 /* BetterCodable */; };
		1F5283332B193524000F5260 /* PageView.swift in Sources */ = {isa = PBXBuildFile; fileRef = 1F5283322B193524000F5260 /* PageView.swift */; };
		1F5283362B1936F1000F5260 /* PageClient.swift in Sources */ = {isa = PBXBuildFile; fileRef = 1F5283352B1936F1000F5260 /* PageClient.swift */; };
		1F5283382B193F4A000F5260 /* PageNetworking.swift in Sources */ = {isa = PBXBuildFile; fileRef = 1F5283372B193F4A000F5260 /* PageNetworking.swift */; };
		1F52833B2B19423A000F5260 /* Page.swift in Sources */ = {isa = PBXBuildFile; fileRef = 1F52833A2B19423A000F5260 /* Page.swift */; };
		1F52833D2B194728000F5260 /* PageFeature.swift in Sources */ = {isa = PBXBuildFile; fileRef = 1F52833C2B194728000F5260 /* PageFeature.swift */; };
		1F9CC6372B0F236A004DB9B3 /* World_of_WealthApp.swift in Sources */ = {isa = PBXBuildFile; fileRef = 1F9CC6362B0F236A004DB9B3 /* World_of_WealthApp.swift */; };
		1F9CC63B2B0F236B004DB9B3 /* Assets.xcassets in Resources */ = {isa = PBXBuildFile; fileRef = 1F9CC63A2B0F236B004DB9B3 /* Assets.xcassets */; };
		1F9CC63E2B0F236B004DB9B3 /* Preview Assets.xcassets in Resources */ = {isa = PBXBuildFile; fileRef = 1F9CC63D2B0F236B004DB9B3 /* Preview Assets.xcassets */; };
		1F9CC6482B0F236B004DB9B3 /* World_of_WealthTests.swift in Sources */ = {isa = PBXBuildFile; fileRef = 1F9CC6472B0F236B004DB9B3 /* World_of_WealthTests.swift */; };
		1F9CC6522B0F236B004DB9B3 /* World_of_WealthUITests.swift in Sources */ = {isa = PBXBuildFile; fileRef = 1F9CC6512B0F236B004DB9B3 /* World_of_WealthUITests.swift */; };
		1F9CC6542B0F236B004DB9B3 /* World_of_WealthUITestsLaunchTests.swift in Sources */ = {isa = PBXBuildFile; fileRef = 1F9CC6532B0F236B004DB9B3 /* World_of_WealthUITestsLaunchTests.swift */; };
		1F9CC6622B0F23ED004DB9B3 /* ComposableArchitecture in Frameworks */ = {isa = PBXBuildFile; productRef = 1F9CC6612B0F23ED004DB9B3 /* ComposableArchitecture */; };
		1F9CC6662B0F26B2004DB9B3 /* FeatureAction.swift in Sources */ = {isa = PBXBuildFile; fileRef = 1F9CC6652B0F26B2004DB9B3 /* FeatureAction.swift */; };
		1F9CC6682B0F2745004DB9B3 /* TemplateFeature.swift in Sources */ = {isa = PBXBuildFile; fileRef = 1F9CC6672B0F2745004DB9B3 /* TemplateFeature.swift */; };
		1F9CC66C2B103440004DB9B3 /* PageListFeature.swift in Sources */ = {isa = PBXBuildFile; fileRef = 1F9CC66B2B103440004DB9B3 /* PageListFeature.swift */; };
		1F9CC66E2B10344D004DB9B3 /* PageListView.swift in Sources */ = {isa = PBXBuildFile; fileRef = 1F9CC66D2B10344D004DB9B3 /* PageListView.swift */; };
/* End PBXBuildFile section */

/* Begin PBXContainerItemProxy section */
		1F9CC6442B0F236B004DB9B3 /* PBXContainerItemProxy */ = {
			isa = PBXContainerItemProxy;
			containerPortal = 1F9CC62B2B0F236A004DB9B3 /* Project object */;
			proxyType = 1;
			remoteGlobalIDString = 1F9CC6322B0F236A004DB9B3;
			remoteInfo = "World of Wealth";
		};
		1F9CC64E2B0F236B004DB9B3 /* PBXContainerItemProxy */ = {
			isa = PBXContainerItemProxy;
			containerPortal = 1F9CC62B2B0F236A004DB9B3 /* Project object */;
			proxyType = 1;
			remoteGlobalIDString = 1F9CC6322B0F236A004DB9B3;
			remoteInfo = "World of Wealth";
		};
/* End PBXContainerItemProxy section */

/* Begin PBXFileReference section */
		1F1ABF792B110B0D0060FDEF /* Colors.swift */ = {isa = PBXFileReference; lastKnownFileType = sourcecode.swift; path = Colors.swift; sourceTree = "<group>"; };
		1F4C8AD82B2BD75200DD09AE /* EditPageFeature.swift */ = {isa = PBXFileReference; lastKnownFileType = sourcecode.swift; path = EditPageFeature.swift; sourceTree = "<group>"; };
		1F4C8ADA2B2BF7FC00DD09AE /* View+Extensions.swift */ = {isa = PBXFileReference; lastKnownFileType = sourcecode.swift; path = "View+Extensions.swift"; sourceTree = "<group>"; };
		1F5282E52B16C65E000F5260 /* GoogleService-Info.plist */ = {isa = PBXFileReference; fileEncoding = 4; lastKnownFileType = text.plist.xml; path = "GoogleService-Info.plist"; sourceTree = "<group>"; };
		1F5283202B16CF49000F5260 /* FirestoreNetworking.swift */ = {isa = PBXFileReference; lastKnownFileType = sourcecode.swift; path = FirestoreNetworking.swift; sourceTree = "<group>"; };
		1F5283222B16CF86000F5260 /* Codable+Extensions.swift */ = {isa = PBXFileReference; lastKnownFileType = sourcecode.swift; path = "Codable+Extensions.swift"; sourceTree = "<group>"; };
		1F52832E2B16E42A000F5260 /* ci_post_clone.sh */ = {isa = PBXFileReference; lastKnownFileType = text.script.sh; path = ci_post_clone.sh; sourceTree = "<group>"; };
		1F5283302B16F0C2000F5260 /* ci_pre_xcodebuild.sh */ = {isa = PBXFileReference; lastKnownFileType = text.script.sh; path = ci_pre_xcodebuild.sh; sourceTree = "<group>"; };
		1F5283312B16F30E000F5260 /* World-of-Wealth-Info.plist */ = {isa = PBXFileReference; lastKnownFileType = text.plist; path = "World-of-Wealth-Info.plist"; sourceTree = SOURCE_ROOT; };
		1F5283322B193524000F5260 /* PageView.swift */ = {isa = PBXFileReference; lastKnownFileType = sourcecode.swift; path = PageView.swift; sourceTree = "<group>"; };
		1F5283352B1936F1000F5260 /* PageClient.swift */ = {isa = PBXFileReference; lastKnownFileType = sourcecode.swift; path = PageClient.swift; sourceTree = "<group>"; };
		1F5283372B193F4A000F5260 /* PageNetworking.swift */ = {isa = PBXFileReference; lastKnownFileType = sourcecode.swift; path = PageNetworking.swift; sourceTree = "<group>"; };
		1F52833A2B19423A000F5260 /* Page.swift */ = {isa = PBXFileReference; lastKnownFileType = sourcecode.swift; path = Page.swift; sourceTree = "<group>"; };
		1F52833C2B194728000F5260 /* PageFeature.swift */ = {isa = PBXFileReference; lastKnownFileType = sourcecode.swift; path = PageFeature.swift; sourceTree = "<group>"; };
		1F9CC6332B0F236A004DB9B3 /* World of Wealth.app */ = {isa = PBXFileReference; explicitFileType = wrapper.application; includeInIndex = 0; path = "World of Wealth.app"; sourceTree = BUILT_PRODUCTS_DIR; };
		1F9CC6362B0F236A004DB9B3 /* World_of_WealthApp.swift */ = {isa = PBXFileReference; lastKnownFileType = sourcecode.swift; path = World_of_WealthApp.swift; sourceTree = "<group>"; };
		1F9CC63A2B0F236B004DB9B3 /* Assets.xcassets */ = {isa = PBXFileReference; lastKnownFileType = folder.assetcatalog; path = Assets.xcassets; sourceTree = "<group>"; };
		1F9CC63D2B0F236B004DB9B3 /* Preview Assets.xcassets */ = {isa = PBXFileReference; lastKnownFileType = folder.assetcatalog; path = "Preview Assets.xcassets"; sourceTree = "<group>"; };
		1F9CC6432B0F236B004DB9B3 /* World of WealthTests.xctest */ = {isa = PBXFileReference; explicitFileType = wrapper.cfbundle; includeInIndex = 0; path = "World of WealthTests.xctest"; sourceTree = BUILT_PRODUCTS_DIR; };
		1F9CC6472B0F236B004DB9B3 /* World_of_WealthTests.swift */ = {isa = PBXFileReference; lastKnownFileType = sourcecode.swift; path = World_of_WealthTests.swift; sourceTree = "<group>"; };
		1F9CC64D2B0F236B004DB9B3 /* World of WealthUITests.xctest */ = {isa = PBXFileReference; explicitFileType = wrapper.cfbundle; includeInIndex = 0; path = "World of WealthUITests.xctest"; sourceTree = BUILT_PRODUCTS_DIR; };
		1F9CC6512B0F236B004DB9B3 /* World_of_WealthUITests.swift */ = {isa = PBXFileReference; lastKnownFileType = sourcecode.swift; path = World_of_WealthUITests.swift; sourceTree = "<group>"; };
		1F9CC6532B0F236B004DB9B3 /* World_of_WealthUITestsLaunchTests.swift */ = {isa = PBXFileReference; lastKnownFileType = sourcecode.swift; path = World_of_WealthUITestsLaunchTests.swift; sourceTree = "<group>"; };
		1F9CC6652B0F26B2004DB9B3 /* FeatureAction.swift */ = {isa = PBXFileReference; lastKnownFileType = sourcecode.swift; path = FeatureAction.swift; sourceTree = "<group>"; };
		1F9CC6672B0F2745004DB9B3 /* TemplateFeature.swift */ = {isa = PBXFileReference; lastKnownFileType = sourcecode.swift; path = TemplateFeature.swift; sourceTree = "<group>"; };
		1F9CC66B2B103440004DB9B3 /* PageListFeature.swift */ = {isa = PBXFileReference; lastKnownFileType = sourcecode.swift; path = PageListFeature.swift; sourceTree = "<group>"; };
		1F9CC66D2B10344D004DB9B3 /* PageListView.swift */ = {isa = PBXFileReference; lastKnownFileType = sourcecode.swift; path = PageListView.swift; sourceTree = "<group>"; };
/* End PBXFileReference section */

/* Begin PBXFrameworksBuildPhase section */
		1F9CC6302B0F236A004DB9B3 /* Frameworks */ = {
			isa = PBXFrameworksBuildPhase;
			buildActionMask = 2147483647;
			files = (
				1F5283082B16C8D7000F5260 /* FirebaseFunctions in Frameworks */,
				1F5282FE2B16C8D7000F5260 /* FirebaseDatabaseSwift in Frameworks */,
				1F52830E2B16C8D7000F5260 /* FirebaseInAppMessagingSwift-Beta in Frameworks */,
				1F5283142B16C8D7000F5260 /* FirebaseMessaging in Frameworks */,
				1F5282F42B16C8D7000F5260 /* FirebaseAppDistribution-Beta in Frameworks */,
				1F5282F82B16C8D7000F5260 /* FirebaseAuthCombine-Community in Frameworks */,
				1F5283042B16C8D7000F5260 /* FirebaseFirestoreCombine-Community in Frameworks */,
				1F5282EE2B16C8D7000F5260 /* FirebaseAnalyticsSwift in Frameworks */,
				1F5283122B16C8D7000F5260 /* FirebaseMLModelDownloader in Frameworks */,
				1F5282F02B16C8D7000F5260 /* FirebaseAnalyticsWithoutAdIdSupport in Frameworks */,
				1F5282EA2B16C8D7000F5260 /* FirebaseAnalytics in Frameworks */,
				1F5283062B16C8D7000F5260 /* FirebaseFirestoreSwift in Frameworks */,
				1F5282EC2B16C8D7000F5260 /* FirebaseAnalyticsOnDeviceConversion in Frameworks */,
				1F5282F22B16C8D7000F5260 /* FirebaseAppCheck in Frameworks */,
				1F5283262B16CFB2000F5260 /* BetterCodable in Frameworks */,
				1F5283162B16C8D7000F5260 /* FirebasePerformance in Frameworks */,
				1F52830C2B16C8D7000F5260 /* FirebaseInAppMessaging-Beta in Frameworks */,
				1F52830A2B16C8D7000F5260 /* FirebaseFunctionsCombine-Community in Frameworks */,
				1F5282FA2B16C8D7000F5260 /* FirebaseCrashlytics in Frameworks */,
				1F5283102B16C8D7000F5260 /* FirebaseInstallations in Frameworks */,
				1F5283182B16C8D7000F5260 /* FirebaseRemoteConfig in Frameworks */,
				1F52831C2B16C8D7000F5260 /* FirebaseStorage in Frameworks */,
				1F5282FC2B16C8D7000F5260 /* FirebaseDatabase in Frameworks */,
				1F52831E2B16C8D7000F5260 /* FirebaseStorageCombine-Community in Frameworks */,
				1F9CC6622B0F23ED004DB9B3 /* ComposableArchitecture in Frameworks */,
				1F5282F62B16C8D7000F5260 /* FirebaseAuth in Frameworks */,
				1F5283002B16C8D7000F5260 /* FirebaseDynamicLinks in Frameworks */,
				1F5283022B16C8D7000F5260 /* FirebaseFirestore in Frameworks */,
				1F52831A2B16C8D7000F5260 /* FirebaseRemoteConfigSwift in Frameworks */,
			);
			runOnlyForDeploymentPostprocessing = 0;
		};
		1F9CC6402B0F236B004DB9B3 /* Frameworks */ = {
			isa = PBXFrameworksBuildPhase;
			buildActionMask = 2147483647;
			files = (
			);
			runOnlyForDeploymentPostprocessing = 0;
		};
		1F9CC64A2B0F236B004DB9B3 /* Frameworks */ = {
			isa = PBXFrameworksBuildPhase;
			buildActionMask = 2147483647;
			files = (
			);
			runOnlyForDeploymentPostprocessing = 0;
		};
/* End PBXFrameworksBuildPhase section */

/* Begin PBXGroup section */
		1F1785032B11893000F520E9 /* PageList */ = {
			isa = PBXGroup;
			children = (
				1F9CC66B2B103440004DB9B3 /* PageListFeature.swift */,
				1F9CC66D2B10344D004DB9B3 /* PageListView.swift */,
			);
			path = PageList;
			sourceTree = "<group>";
		};
		1F1ABF782B110B070060FDEF /* Styles */ = {
			isa = PBXGroup;
			children = (
				1F1ABF792B110B0D0060FDEF /* Colors.swift */,
			);
			path = Styles;
			sourceTree = "<group>";
		};
		1F52831F2B16CF1A000F5260 /* Utility */ = {
			isa = PBXGroup;
			children = (
				1F5283352B1936F1000F5260 /* PageClient.swift */,
				1F5283342B1936A8000F5260 /* Networking */,
			);
			path = Utility;
			sourceTree = "<group>";
		};
		1F52832C2B16DB90000F5260 /* ci_scripts */ = {
			isa = PBXGroup;
			children = (
				1F52832E2B16E42A000F5260 /* ci_post_clone.sh */,
				1F5283302B16F0C2000F5260 /* ci_pre_xcodebuild.sh */,
			);
			path = ci_scripts;
			sourceTree = "<group>";
		};
		1F5283342B1936A8000F5260 /* Networking */ = {
			isa = PBXGroup;
			children = (
				1F5283202B16CF49000F5260 /* FirestoreNetworking.swift */,
				1F5283372B193F4A000F5260 /* PageNetworking.swift */,
			);
			path = Networking;
			sourceTree = "<group>";
		};
		1F5283392B194230000F5260 /* Models */ = {
			isa = PBXGroup;
			children = (
				1F52833A2B19423A000F5260 /* Page.swift */,
			);
			path = Models;
			sourceTree = "<group>";
		};
		1F52833E2B19472E000F5260 /* PageView */ = {
			isa = PBXGroup;
			children = (
				1F4C8AD82B2BD75200DD09AE /* EditPageFeature.swift */,
				1F52833C2B194728000F5260 /* PageFeature.swift */,
				1F5283322B193524000F5260 /* PageView.swift */,
			);
			path = PageView;
			sourceTree = "<group>";
		};
		1F9CC62A2B0F236A004DB9B3 = {
			isa = PBXGroup;
			children = (
				1F52832C2B16DB90000F5260 /* ci_scripts */,
				1F9CC6352B0F236A004DB9B3 /* World of Wealth */,
				1F9CC6462B0F236B004DB9B3 /* World of WealthTests */,
				1F9CC6502B0F236B004DB9B3 /* World of WealthUITests */,
				1F9CC6342B0F236A004DB9B3 /* Products */,
			);
			sourceTree = "<group>";
		};
		1F9CC6342B0F236A004DB9B3 /* Products */ = {
			isa = PBXGroup;
			children = (
				1F9CC6332B0F236A004DB9B3 /* World of Wealth.app */,
				1F9CC6432B0F236B004DB9B3 /* World of WealthTests.xctest */,
				1F9CC64D2B0F236B004DB9B3 /* World of WealthUITests.xctest */,
			);
			name = Products;
			sourceTree = "<group>";
		};
		1F9CC6352B0F236A004DB9B3 /* World of Wealth */ = {
			isa = PBXGroup;
			children = (
				1F5283312B16F30E000F5260 /* World-of-Wealth-Info.plist */,
				1F5283392B194230000F5260 /* Models */,
				1F52831F2B16CF1A000F5260 /* Utility */,
				1F5282E52B16C65E000F5260 /* GoogleService-Info.plist */,
				1F1ABF782B110B070060FDEF /* Styles */,
				1F9CC6362B0F236A004DB9B3 /* World_of_WealthApp.swift */,
				1F9CC6692B0FD1B8004DB9B3 /* Features */,
				1F9CC6632B0F26A4004DB9B3 /* Extensions */,
				1F9CC63A2B0F236B004DB9B3 /* Assets.xcassets */,
				1F9CC63C2B0F236B004DB9B3 /* Preview Content */,
			);
			path = "World of Wealth";
			sourceTree = "<group>";
		};
		1F9CC63C2B0F236B004DB9B3 /* Preview Content */ = {
			isa = PBXGroup;
			children = (
				1F9CC63D2B0F236B004DB9B3 /* Preview Assets.xcassets */,
			);
			path = "Preview Content";
			sourceTree = "<group>";
		};
		1F9CC6462B0F236B004DB9B3 /* World of WealthTests */ = {
			isa = PBXGroup;
			children = (
				1F9CC6472B0F236B004DB9B3 /* World_of_WealthTests.swift */,
			);
			path = "World of WealthTests";
			sourceTree = "<group>";
		};
		1F9CC6502B0F236B004DB9B3 /* World of WealthUITests */ = {
			isa = PBXGroup;
			children = (
				1F9CC6512B0F236B004DB9B3 /* World_of_WealthUITests.swift */,
				1F9CC6532B0F236B004DB9B3 /* World_of_WealthUITestsLaunchTests.swift */,
			);
			path = "World of WealthUITests";
			sourceTree = "<group>";
		};
		1F9CC6632B0F26A4004DB9B3 /* Extensions */ = {
			isa = PBXGroup;
			children = (
				1F5283222B16CF86000F5260 /* Codable+Extensions.swift */,
				1F4C8ADA2B2BF7FC00DD09AE /* View+Extensions.swift */,
				1F9CC6642B0F26AA004DB9B3 /* TCA */,
			);
			path = Extensions;
			sourceTree = "<group>";
		};
		1F9CC6642B0F26AA004DB9B3 /* TCA */ = {
			isa = PBXGroup;
			children = (
				1F9CC6652B0F26B2004DB9B3 /* FeatureAction.swift */,
				1F9CC6672B0F2745004DB9B3 /* TemplateFeature.swift */,
			);
			path = TCA;
			sourceTree = "<group>";
		};
		1F9CC6692B0FD1B8004DB9B3 /* Features */ = {
			isa = PBXGroup;
			children = (
				1F52833E2B19472E000F5260 /* PageView */,
				1F1785032B11893000F520E9 /* PageList */,
			);
			path = Features;
			sourceTree = "<group>";
		};
/* End PBXGroup section */

/* Begin PBXNativeTarget section */
		1F9CC6322B0F236A004DB9B3 /* World of Wealth */ = {
			isa = PBXNativeTarget;
			buildConfigurationList = 1F9CC6572B0F236B004DB9B3 /* Build configuration list for PBXNativeTarget "World of Wealth" */;
			buildPhases = (
				1F9CC62F2B0F236A004DB9B3 /* Sources */,
				1F9CC6302B0F236A004DB9B3 /* Frameworks */,
				1F9CC6312B0F236A004DB9B3 /* Resources */,
			);
			buildRules = (
			);
			dependencies = (
			);
			name = "World of Wealth";
			packageProductDependencies = (
				1F9CC6612B0F23ED004DB9B3 /* ComposableArchitecture */,
				1F5282E92B16C8D7000F5260 /* FirebaseAnalytics */,
				1F5282EB2B16C8D7000F5260 /* FirebaseAnalyticsOnDeviceConversion */,
				1F5282ED2B16C8D7000F5260 /* FirebaseAnalyticsSwift */,
				1F5282EF2B16C8D7000F5260 /* FirebaseAnalyticsWithoutAdIdSupport */,
				1F5282F12B16C8D7000F5260 /* FirebaseAppCheck */,
				1F5282F32B16C8D7000F5260 /* FirebaseAppDistribution-Beta */,
				1F5282F52B16C8D7000F5260 /* FirebaseAuth */,
				1F5282F72B16C8D7000F5260 /* FirebaseAuthCombine-Community */,
				1F5282F92B16C8D7000F5260 /* FirebaseCrashlytics */,
				1F5282FB2B16C8D7000F5260 /* FirebaseDatabase */,
				1F5282FD2B16C8D7000F5260 /* FirebaseDatabaseSwift */,
				1F5282FF2B16C8D7000F5260 /* FirebaseDynamicLinks */,
				1F5283012B16C8D7000F5260 /* FirebaseFirestore */,
				1F5283032B16C8D7000F5260 /* FirebaseFirestoreCombine-Community */,
				1F5283052B16C8D7000F5260 /* FirebaseFirestoreSwift */,
				1F5283072B16C8D7000F5260 /* FirebaseFunctions */,
				1F5283092B16C8D7000F5260 /* FirebaseFunctionsCombine-Community */,
				1F52830B2B16C8D7000F5260 /* FirebaseInAppMessaging-Beta */,
				1F52830D2B16C8D7000F5260 /* FirebaseInAppMessagingSwift-Beta */,
				1F52830F2B16C8D7000F5260 /* FirebaseInstallations */,
				1F5283112B16C8D7000F5260 /* FirebaseMLModelDownloader */,
				1F5283132B16C8D7000F5260 /* FirebaseMessaging */,
				1F5283152B16C8D7000F5260 /* FirebasePerformance */,
				1F5283172B16C8D7000F5260 /* FirebaseRemoteConfig */,
				1F5283192B16C8D7000F5260 /* FirebaseRemoteConfigSwift */,
				1F52831B2B16C8D7000F5260 /* FirebaseStorage */,
				1F52831D2B16C8D7000F5260 /* FirebaseStorageCombine-Community */,
				1F5283252B16CFB2000F5260 /* BetterCodable */,
			);
			productName = "World of Wealth";
			productReference = 1F9CC6332B0F236A004DB9B3 /* World of Wealth.app */;
			productType = "com.apple.product-type.application";
		};
		1F9CC6422B0F236B004DB9B3 /* World of WealthTests */ = {
			isa = PBXNativeTarget;
			buildConfigurationList = 1F9CC65A2B0F236B004DB9B3 /* Build configuration list for PBXNativeTarget "World of WealthTests" */;
			buildPhases = (
				1F9CC63F2B0F236B004DB9B3 /* Sources */,
				1F9CC6402B0F236B004DB9B3 /* Frameworks */,
				1F9CC6412B0F236B004DB9B3 /* Resources */,
			);
			buildRules = (
			);
			dependencies = (
				1F9CC6452B0F236B004DB9B3 /* PBXTargetDependency */,
			);
			name = "World of WealthTests";
			productName = "World of WealthTests";
			productReference = 1F9CC6432B0F236B004DB9B3 /* World of WealthTests.xctest */;
			productType = "com.apple.product-type.bundle.unit-test";
		};
		1F9CC64C2B0F236B004DB9B3 /* World of WealthUITests */ = {
			isa = PBXNativeTarget;
			buildConfigurationList = 1F9CC65D2B0F236B004DB9B3 /* Build configuration list for PBXNativeTarget "World of WealthUITests" */;
			buildPhases = (
				1F9CC6492B0F236B004DB9B3 /* Sources */,
				1F9CC64A2B0F236B004DB9B3 /* Frameworks */,
				1F9CC64B2B0F236B004DB9B3 /* Resources */,
			);
			buildRules = (
			);
			dependencies = (
				1F9CC64F2B0F236B004DB9B3 /* PBXTargetDependency */,
			);
			name = "World of WealthUITests";
			productName = "World of WealthUITests";
			productReference = 1F9CC64D2B0F236B004DB9B3 /* World of WealthUITests.xctest */;
			productType = "com.apple.product-type.bundle.ui-testing";
		};
/* End PBXNativeTarget section */

/* Begin PBXProject section */
		1F9CC62B2B0F236A004DB9B3 /* Project object */ = {
			isa = PBXProject;
			attributes = {
				BuildIndependentTargetsInParallel = 1;
				LastSwiftUpdateCheck = 1500;
				LastUpgradeCheck = 1500;
				TargetAttributes = {
					1F9CC6322B0F236A004DB9B3 = {
						CreatedOnToolsVersion = 15.0.1;
					};
					1F9CC6422B0F236B004DB9B3 = {
						CreatedOnToolsVersion = 15.0.1;
						TestTargetID = 1F9CC6322B0F236A004DB9B3;
					};
					1F9CC64C2B0F236B004DB9B3 = {
						CreatedOnToolsVersion = 15.0.1;
						TestTargetID = 1F9CC6322B0F236A004DB9B3;
					};
				};
			};
			buildConfigurationList = 1F9CC62E2B0F236A004DB9B3 /* Build configuration list for PBXProject "World of Wealth" */;
			compatibilityVersion = "Xcode 14.0";
			developmentRegion = en;
			hasScannedForEncodings = 0;
			knownRegions = (
				en,
				Base,
			);
			mainGroup = 1F9CC62A2B0F236A004DB9B3;
			packageReferences = (
				1F9CC6602B0F23ED004DB9B3 /* XCRemoteSwiftPackageReference "swift-composable-architecture" */,
				1F5282E82B16C8D7000F5260 /* XCRemoteSwiftPackageReference "firebase-ios-sdk" */,
				1F5283242B16CFB2000F5260 /* XCRemoteSwiftPackageReference "BetterCodable" */,
			);
			productRefGroup = 1F9CC6342B0F236A004DB9B3 /* Products */;
			projectDirPath = "";
			projectRoot = "";
			targets = (
				1F9CC6322B0F236A004DB9B3 /* World of Wealth */,
				1F9CC6422B0F236B004DB9B3 /* World of WealthTests */,
				1F9CC64C2B0F236B004DB9B3 /* World of WealthUITests */,
			);
		};
/* End PBXProject section */

/* Begin PBXResourcesBuildPhase section */
		1F9CC6312B0F236A004DB9B3 /* Resources */ = {
			isa = PBXResourcesBuildPhase;
			buildActionMask = 2147483647;
			files = (
				1F9CC63E2B0F236B004DB9B3 /* Preview Assets.xcassets in Resources */,
				1F9CC63B2B0F236B004DB9B3 /* Assets.xcassets in Resources */,
				1F5282E62B16C65E000F5260 /* GoogleService-Info.plist in Resources */,
			);
			runOnlyForDeploymentPostprocessing = 0;
		};
		1F9CC6412B0F236B004DB9B3 /* Resources */ = {
			isa = PBXResourcesBuildPhase;
			buildActionMask = 2147483647;
			files = (
			);
			runOnlyForDeploymentPostprocessing = 0;
		};
		1F9CC64B2B0F236B004DB9B3 /* Resources */ = {
			isa = PBXResourcesBuildPhase;
			buildActionMask = 2147483647;
			files = (
			);
			runOnlyForDeploymentPostprocessing = 0;
		};
/* End PBXResourcesBuildPhase section */

/* Begin PBXSourcesBuildPhase section */
		1F9CC62F2B0F236A004DB9B3 /* Sources */ = {
			isa = PBXSourcesBuildPhase;
			buildActionMask = 2147483647;
			files = (
				1F9CC6682B0F2745004DB9B3 /* TemplateFeature.swift in Sources */,
				1F4C8AD92B2BD75200DD09AE /* EditPageFeature.swift in Sources */,
				1F9CC66E2B10344D004DB9B3 /* PageListView.swift in Sources */,
				1F1ABF7A2B110B0D0060FDEF /* Colors.swift in Sources */,
				1F5283362B1936F1000F5260 /* PageClient.swift in Sources */,
				1F52833B2B19423A000F5260 /* Page.swift in Sources */,
				1F52833D2B194728000F5260 /* PageFeature.swift in Sources */,
				1F5283332B193524000F5260 /* PageView.swift in Sources */,
				1F9CC6662B0F26B2004DB9B3 /* FeatureAction.swift in Sources */,
				1F9CC66C2B103440004DB9B3 /* PageListFeature.swift in Sources */,
				1F5283382B193F4A000F5260 /* PageNetworking.swift in Sources */,
				1F9CC6372B0F236A004DB9B3 /* World_of_WealthApp.swift in Sources */,
				1F5283212B16CF49000F5260 /* FirestoreNetworking.swift in Sources */,
				1F4C8ADB2B2BF7FC00DD09AE /* View+Extensions.swift in Sources */,
				1F5283232B16CF86000F5260 /* Codable+Extensions.swift in Sources */,
			);
			runOnlyForDeploymentPostprocessing = 0;
		};
		1F9CC63F2B0F236B004DB9B3 /* Sources */ = {
			isa = PBXSourcesBuildPhase;
			buildActionMask = 2147483647;
			files = (
				1F9CC6482B0F236B004DB9B3 /* World_of_WealthTests.swift in Sources */,
			);
			runOnlyForDeploymentPostprocessing = 0;
		};
		1F9CC6492B0F236B004DB9B3 /* Sources */ = {
			isa = PBXSourcesBuildPhase;
			buildActionMask = 2147483647;
			files = (
				1F9CC6522B0F236B004DB9B3 /* World_of_WealthUITests.swift in Sources */,
				1F9CC6542B0F236B004DB9B3 /* World_of_WealthUITestsLaunchTests.swift in Sources */,
			);
			runOnlyForDeploymentPostprocessing = 0;
		};
/* End PBXSourcesBuildPhase section */

/* Begin PBXTargetDependency section */
		1F9CC6452B0F236B004DB9B3 /* PBXTargetDependency */ = {
			isa = PBXTargetDependency;
			target = 1F9CC6322B0F236A004DB9B3 /* World of Wealth */;
			targetProxy = 1F9CC6442B0F236B004DB9B3 /* PBXContainerItemProxy */;
		};
		1F9CC64F2B0F236B004DB9B3 /* PBXTargetDependency */ = {
			isa = PBXTargetDependency;
			target = 1F9CC6322B0F236A004DB9B3 /* World of Wealth */;
			targetProxy = 1F9CC64E2B0F236B004DB9B3 /* PBXContainerItemProxy */;
		};
/* End PBXTargetDependency section */

/* Begin XCBuildConfiguration section */
		1F9CC6552B0F236B004DB9B3 /* Debug */ = {
			isa = XCBuildConfiguration;
			buildSettings = {
				ALWAYS_SEARCH_USER_PATHS = NO;
				ASSETCATALOG_COMPILER_GENERATE_SWIFT_ASSET_SYMBOL_EXTENSIONS = YES;
				CLANG_ANALYZER_NONNULL = YES;
				CLANG_ANALYZER_NUMBER_OBJECT_CONVERSION = YES_AGGRESSIVE;
				CLANG_CXX_LANGUAGE_STANDARD = "gnu++20";
				CLANG_ENABLE_MODULES = YES;
				CLANG_ENABLE_OBJC_ARC = YES;
				CLANG_ENABLE_OBJC_WEAK = YES;
				CLANG_WARN_BLOCK_CAPTURE_AUTORELEASING = YES;
				CLANG_WARN_BOOL_CONVERSION = YES;
				CLANG_WARN_COMMA = YES;
				CLANG_WARN_CONSTANT_CONVERSION = YES;
				CLANG_WARN_DEPRECATED_OBJC_IMPLEMENTATIONS = YES;
				CLANG_WARN_DIRECT_OBJC_ISA_USAGE = YES_ERROR;
				CLANG_WARN_DOCUMENTATION_COMMENTS = YES;
				CLANG_WARN_EMPTY_BODY = YES;
				CLANG_WARN_ENUM_CONVERSION = YES;
				CLANG_WARN_INFINITE_RECURSION = YES;
				CLANG_WARN_INT_CONVERSION = YES;
				CLANG_WARN_NON_LITERAL_NULL_CONVERSION = YES;
				CLANG_WARN_OBJC_IMPLICIT_RETAIN_SELF = YES;
				CLANG_WARN_OBJC_LITERAL_CONVERSION = YES;
				CLANG_WARN_OBJC_ROOT_CLASS = YES_ERROR;
				CLANG_WARN_QUOTED_INCLUDE_IN_FRAMEWORK_HEADER = YES;
				CLANG_WARN_RANGE_LOOP_ANALYSIS = YES;
				CLANG_WARN_STRICT_PROTOTYPES = YES;
				CLANG_WARN_SUSPICIOUS_MOVE = YES;
				CLANG_WARN_UNGUARDED_AVAILABILITY = YES_AGGRESSIVE;
				CLANG_WARN_UNREACHABLE_CODE = YES;
				CLANG_WARN__DUPLICATE_METHOD_MATCH = YES;
				COPY_PHASE_STRIP = NO;
				DEBUG_INFORMATION_FORMAT = dwarf;
				ENABLE_STRICT_OBJC_MSGSEND = YES;
				ENABLE_TESTABILITY = YES;
				ENABLE_USER_SCRIPT_SANDBOXING = YES;
				GCC_C_LANGUAGE_STANDARD = gnu17;
				GCC_DYNAMIC_NO_PIC = NO;
				GCC_NO_COMMON_BLOCKS = YES;
				GCC_OPTIMIZATION_LEVEL = 0;
				GCC_PREPROCESSOR_DEFINITIONS = (
					"DEBUG=1",
					"$(inherited)",
				);
				GCC_WARN_64_TO_32_BIT_CONVERSION = YES;
				GCC_WARN_ABOUT_RETURN_TYPE = YES_ERROR;
				GCC_WARN_UNDECLARED_SELECTOR = YES;
				GCC_WARN_UNINITIALIZED_AUTOS = YES_AGGRESSIVE;
				GCC_WARN_UNUSED_FUNCTION = YES;
				GCC_WARN_UNUSED_VARIABLE = YES;
				IPHONEOS_DEPLOYMENT_TARGET = 17.0;
				LOCALIZATION_PREFERS_STRING_CATALOGS = YES;
				MTL_ENABLE_DEBUG_INFO = INCLUDE_SOURCE;
				MTL_FAST_MATH = YES;
				ONLY_ACTIVE_ARCH = YES;
				SDKROOT = iphoneos;
				SWIFT_ACTIVE_COMPILATION_CONDITIONS = "DEBUG $(inherited)";
				SWIFT_OPTIMIZATION_LEVEL = "-Onone";
			};
			name = Debug;
		};
		1F9CC6562B0F236B004DB9B3 /* Release */ = {
			isa = XCBuildConfiguration;
			buildSettings = {
				ALWAYS_SEARCH_USER_PATHS = NO;
				ASSETCATALOG_COMPILER_GENERATE_SWIFT_ASSET_SYMBOL_EXTENSIONS = YES;
				CLANG_ANALYZER_NONNULL = YES;
				CLANG_ANALYZER_NUMBER_OBJECT_CONVERSION = YES_AGGRESSIVE;
				CLANG_CXX_LANGUAGE_STANDARD = "gnu++20";
				CLANG_ENABLE_MODULES = YES;
				CLANG_ENABLE_OBJC_ARC = YES;
				CLANG_ENABLE_OBJC_WEAK = YES;
				CLANG_WARN_BLOCK_CAPTURE_AUTORELEASING = YES;
				CLANG_WARN_BOOL_CONVERSION = YES;
				CLANG_WARN_COMMA = YES;
				CLANG_WARN_CONSTANT_CONVERSION = YES;
				CLANG_WARN_DEPRECATED_OBJC_IMPLEMENTATIONS = YES;
				CLANG_WARN_DIRECT_OBJC_ISA_USAGE = YES_ERROR;
				CLANG_WARN_DOCUMENTATION_COMMENTS = YES;
				CLANG_WARN_EMPTY_BODY = YES;
				CLANG_WARN_ENUM_CONVERSION = YES;
				CLANG_WARN_INFINITE_RECURSION = YES;
				CLANG_WARN_INT_CONVERSION = YES;
				CLANG_WARN_NON_LITERAL_NULL_CONVERSION = YES;
				CLANG_WARN_OBJC_IMPLICIT_RETAIN_SELF = YES;
				CLANG_WARN_OBJC_LITERAL_CONVERSION = YES;
				CLANG_WARN_OBJC_ROOT_CLASS = YES_ERROR;
				CLANG_WARN_QUOTED_INCLUDE_IN_FRAMEWORK_HEADER = YES;
				CLANG_WARN_RANGE_LOOP_ANALYSIS = YES;
				CLANG_WARN_STRICT_PROTOTYPES = YES;
				CLANG_WARN_SUSPICIOUS_MOVE = YES;
				CLANG_WARN_UNGUARDED_AVAILABILITY = YES_AGGRESSIVE;
				CLANG_WARN_UNREACHABLE_CODE = YES;
				CLANG_WARN__DUPLICATE_METHOD_MATCH = YES;
				COPY_PHASE_STRIP = NO;
				DEBUG_INFORMATION_FORMAT = "dwarf-with-dsym";
				ENABLE_NS_ASSERTIONS = NO;
				ENABLE_STRICT_OBJC_MSGSEND = YES;
				ENABLE_USER_SCRIPT_SANDBOXING = YES;
				GCC_C_LANGUAGE_STANDARD = gnu17;
				GCC_NO_COMMON_BLOCKS = YES;
				GCC_WARN_64_TO_32_BIT_CONVERSION = YES;
				GCC_WARN_ABOUT_RETURN_TYPE = YES_ERROR;
				GCC_WARN_UNDECLARED_SELECTOR = YES;
				GCC_WARN_UNINITIALIZED_AUTOS = YES_AGGRESSIVE;
				GCC_WARN_UNUSED_FUNCTION = YES;
				GCC_WARN_UNUSED_VARIABLE = YES;
				IPHONEOS_DEPLOYMENT_TARGET = 17.0;
				LOCALIZATION_PREFERS_STRING_CATALOGS = YES;
				MTL_ENABLE_DEBUG_INFO = NO;
				MTL_FAST_MATH = YES;
				SDKROOT = iphoneos;
				SWIFT_COMPILATION_MODE = wholemodule;
				VALIDATE_PRODUCT = YES;
			};
			name = Release;
		};
		1F9CC6582B0F236B004DB9B3 /* Debug */ = {
			isa = XCBuildConfiguration;
			buildSettings = {
				ASSETCATALOG_COMPILER_APPICON_NAME = AppIcon;
				ASSETCATALOG_COMPILER_GLOBAL_ACCENT_COLOR_NAME = AccentColor;
				CODE_SIGN_STYLE = Automatic;
				CURRENT_PROJECT_VERSION = 1;
				DEVELOPMENT_ASSET_PATHS = "\"World of Wealth/Preview Content\"";
				DEVELOPMENT_TEAM = Z2HT5GMEGY;
				ENABLE_PREVIEWS = YES;
				GENERATE_INFOPLIST_FILE = YES;
				INFOPLIST_FILE = "World-of-Wealth-Info.plist";
				INFOPLIST_KEY_UIApplicationSceneManifest_Generation = YES;
				INFOPLIST_KEY_UIApplicationSupportsIndirectInputEvents = YES;
				INFOPLIST_KEY_UILaunchScreen_Generation = YES;
				INFOPLIST_KEY_UISupportedInterfaceOrientations_iPad = "UIInterfaceOrientationPortrait UIInterfaceOrientationPortraitUpsideDown UIInterfaceOrientationLandscapeLeft UIInterfaceOrientationLandscapeRight";
				INFOPLIST_KEY_UISupportedInterfaceOrientations_iPhone = "UIInterfaceOrientationPortrait UIInterfaceOrientationLandscapeLeft UIInterfaceOrientationLandscapeRight";
				LD_RUNPATH_SEARCH_PATHS = (
					"$(inherited)",
					"@executable_path/Frameworks",
				);
				MARKETING_VERSION = 1.0;
				PRODUCT_BUNDLE_IDENTIFIER = "com.brettrosen.World-of-Wealth";
				PRODUCT_NAME = "$(TARGET_NAME)";
				SWIFT_EMIT_LOC_STRINGS = YES;
				SWIFT_VERSION = 5.0;
				TARGETED_DEVICE_FAMILY = "1,2";
			};
			name = Debug;
		};
		1F9CC6592B0F236B004DB9B3 /* Release */ = {
			isa = XCBuildConfiguration;
			buildSettings = {
				ASSETCATALOG_COMPILER_APPICON_NAME = AppIcon;
				ASSETCATALOG_COMPILER_GLOBAL_ACCENT_COLOR_NAME = AccentColor;
				CODE_SIGN_STYLE = Automatic;
				CURRENT_PROJECT_VERSION = 1;
				DEVELOPMENT_ASSET_PATHS = "\"World of Wealth/Preview Content\"";
				DEVELOPMENT_TEAM = Z2HT5GMEGY;
				ENABLE_PREVIEWS = YES;
				GENERATE_INFOPLIST_FILE = YES;
				INFOPLIST_FILE = "World-of-Wealth-Info.plist";
				INFOPLIST_KEY_UIApplicationSceneManifest_Generation = YES;
				INFOPLIST_KEY_UIApplicationSupportsIndirectInputEvents = YES;
				INFOPLIST_KEY_UILaunchScreen_Generation = YES;
				INFOPLIST_KEY_UISupportedInterfaceOrientations_iPad = "UIInterfaceOrientationPortrait UIInterfaceOrientationPortraitUpsideDown UIInterfaceOrientationLandscapeLeft UIInterfaceOrientationLandscapeRight";
				INFOPLIST_KEY_UISupportedInterfaceOrientations_iPhone = "UIInterfaceOrientationPortrait UIInterfaceOrientationLandscapeLeft UIInterfaceOrientationLandscapeRight";
				LD_RUNPATH_SEARCH_PATHS = (
					"$(inherited)",
					"@executable_path/Frameworks",
				);
				MARKETING_VERSION = 1.0;
				PRODUCT_BUNDLE_IDENTIFIER = "com.brettrosen.World-of-Wealth";
				PRODUCT_NAME = "$(TARGET_NAME)";
				SWIFT_EMIT_LOC_STRINGS = YES;
				SWIFT_VERSION = 5.0;
				TARGETED_DEVICE_FAMILY = "1,2";
			};
			name = Release;
		};
		1F9CC65B2B0F236B004DB9B3 /* Debug */ = {
			isa = XCBuildConfiguration;
			buildSettings = {
				ALWAYS_EMBED_SWIFT_STANDARD_LIBRARIES = YES;
				BUNDLE_LOADER = "$(TEST_HOST)";
				CODE_SIGN_STYLE = Automatic;
				CURRENT_PROJECT_VERSION = 1;
				DEVELOPMENT_TEAM = Z2HT5GMEGY;
				GENERATE_INFOPLIST_FILE = YES;
				IPHONEOS_DEPLOYMENT_TARGET = 17.0;
				MARKETING_VERSION = 1.0;
				PRODUCT_BUNDLE_IDENTIFIER = "com.brettrosen.World-of-WealthTests";
				PRODUCT_NAME = "$(TARGET_NAME)";
				SWIFT_EMIT_LOC_STRINGS = NO;
				SWIFT_VERSION = 5.0;
				TARGETED_DEVICE_FAMILY = "1,2";
				TEST_HOST = "$(BUILT_PRODUCTS_DIR)/World of Wealth.app/$(BUNDLE_EXECUTABLE_FOLDER_PATH)/World of Wealth";
			};
			name = Debug;
		};
		1F9CC65C2B0F236B004DB9B3 /* Release */ = {
			isa = XCBuildConfiguration;
			buildSettings = {
				ALWAYS_EMBED_SWIFT_STANDARD_LIBRARIES = YES;
				BUNDLE_LOADER = "$(TEST_HOST)";
				CODE_SIGN_STYLE = Automatic;
				CURRENT_PROJECT_VERSION = 1;
				DEVELOPMENT_TEAM = Z2HT5GMEGY;
				GENERATE_INFOPLIST_FILE = YES;
				IPHONEOS_DEPLOYMENT_TARGET = 17.0;
				MARKETING_VERSION = 1.0;
				PRODUCT_BUNDLE_IDENTIFIER = "com.brettrosen.World-of-WealthTests";
				PRODUCT_NAME = "$(TARGET_NAME)";
				SWIFT_EMIT_LOC_STRINGS = NO;
				SWIFT_VERSION = 5.0;
				TARGETED_DEVICE_FAMILY = "1,2";
				TEST_HOST = "$(BUILT_PRODUCTS_DIR)/World of Wealth.app/$(BUNDLE_EXECUTABLE_FOLDER_PATH)/World of Wealth";
			};
			name = Release;
		};
		1F9CC65E2B0F236B004DB9B3 /* Debug */ = {
			isa = XCBuildConfiguration;
			buildSettings = {
				ALWAYS_EMBED_SWIFT_STANDARD_LIBRARIES = YES;
				CODE_SIGN_STYLE = Automatic;
				CURRENT_PROJECT_VERSION = 1;
				DEVELOPMENT_TEAM = Z2HT5GMEGY;
				GENERATE_INFOPLIST_FILE = YES;
				MARKETING_VERSION = 1.0;
				PRODUCT_BUNDLE_IDENTIFIER = "com.brettrosen.World-of-WealthUITests";
				PRODUCT_NAME = "$(TARGET_NAME)";
				SWIFT_EMIT_LOC_STRINGS = NO;
				SWIFT_VERSION = 5.0;
				TARGETED_DEVICE_FAMILY = "1,2";
				TEST_TARGET_NAME = "World of Wealth";
			};
			name = Debug;
		};
		1F9CC65F2B0F236B004DB9B3 /* Release */ = {
			isa = XCBuildConfiguration;
			buildSettings = {
				ALWAYS_EMBED_SWIFT_STANDARD_LIBRARIES = YES;
				CODE_SIGN_STYLE = Automatic;
				CURRENT_PROJECT_VERSION = 1;
				DEVELOPMENT_TEAM = Z2HT5GMEGY;
				GENERATE_INFOPLIST_FILE = YES;
				MARKETING_VERSION = 1.0;
				PRODUCT_BUNDLE_IDENTIFIER = "com.brettrosen.World-of-WealthUITests";
				PRODUCT_NAME = "$(TARGET_NAME)";
				SWIFT_EMIT_LOC_STRINGS = NO;
				SWIFT_VERSION = 5.0;
				TARGETED_DEVICE_FAMILY = "1,2";
				TEST_TARGET_NAME = "World of Wealth";
			};
			name = Release;
		};
/* End XCBuildConfiguration section */

/* Begin XCConfigurationList section */
		1F9CC62E2B0F236A004DB9B3 /* Build configuration list for PBXProject "World of Wealth" */ = {
			isa = XCConfigurationList;
			buildConfigurations = (
				1F9CC6552B0F236B004DB9B3 /* Debug */,
				1F9CC6562B0F236B004DB9B3 /* Release */,
			);
			defaultConfigurationIsVisible = 0;
			defaultConfigurationName = Release;
		};
		1F9CC6572B0F236B004DB9B3 /* Build configuration list for PBXNativeTarget "World of Wealth" */ = {
			isa = XCConfigurationList;
			buildConfigurations = (
				1F9CC6582B0F236B004DB9B3 /* Debug */,
				1F9CC6592B0F236B004DB9B3 /* Release */,
			);
			defaultConfigurationIsVisible = 0;
			defaultConfigurationName = Release;
		};
		1F9CC65A2B0F236B004DB9B3 /* Build configuration list for PBXNativeTarget "World of WealthTests" */ = {
			isa = XCConfigurationList;
			buildConfigurations = (
				1F9CC65B2B0F236B004DB9B3 /* Debug */,
				1F9CC65C2B0F236B004DB9B3 /* Release */,
			);
			defaultConfigurationIsVisible = 0;
			defaultConfigurationName = Release;
		};
		1F9CC65D2B0F236B004DB9B3 /* Build configuration list for PBXNativeTarget "World of WealthUITests" */ = {
			isa = XCConfigurationList;
			buildConfigurations = (
				1F9CC65E2B0F236B004DB9B3 /* Debug */,
				1F9CC65F2B0F236B004DB9B3 /* Release */,
			);
			defaultConfigurationIsVisible = 0;
			defaultConfigurationName = Release;
		};
/* End XCConfigurationList section */

/* Begin XCRemoteSwiftPackageReference section */
		1F5282E82B16C8D7000F5260 /* XCRemoteSwiftPackageReference "firebase-ios-sdk" */ = {
			isa = XCRemoteSwiftPackageReference;
			repositoryURL = "https://github.com/firebase/firebase-ios-sdk.git";
			requirement = {
				kind = upToNextMajorVersion;
				minimumVersion = 10.18.0;
			};
		};
		1F5283242B16CFB2000F5260 /* XCRemoteSwiftPackageReference "BetterCodable" */ = {
			isa = XCRemoteSwiftPackageReference;
			repositoryURL = "https://github.com/marksands/BetterCodable.git";
			requirement = {
				kind = upToNextMajorVersion;
				minimumVersion = 0.4.0;
			};
		};
		1F9CC6602B0F23ED004DB9B3 /* XCRemoteSwiftPackageReference "swift-composable-architecture" */ = {
			isa = XCRemoteSwiftPackageReference;
			repositoryURL = "https://github.com/pointfreeco/swift-composable-architecture.git";
			requirement = {
				branch = "observation-beta";
				kind = branch;
			};
		};
/* End XCRemoteSwiftPackageReference section */

/* Begin XCSwiftPackageProductDependency section */
		1F5282E92B16C8D7000F5260 /* FirebaseAnalytics */ = {
			isa = XCSwiftPackageProductDependency;
			package = 1F5282E82B16C8D7000F5260 /* XCRemoteSwiftPackageReference "firebase-ios-sdk" */;
			productName = FirebaseAnalytics;
		};
		1F5282EB2B16C8D7000F5260 /* FirebaseAnalyticsOnDeviceConversion */ = {
			isa = XCSwiftPackageProductDependency;
			package = 1F5282E82B16C8D7000F5260 /* XCRemoteSwiftPackageReference "firebase-ios-sdk" */;
			productName = FirebaseAnalyticsOnDeviceConversion;
		};
		1F5282ED2B16C8D7000F5260 /* FirebaseAnalyticsSwift */ = {
			isa = XCSwiftPackageProductDependency;
			package = 1F5282E82B16C8D7000F5260 /* XCRemoteSwiftPackageReference "firebase-ios-sdk" */;
			productName = FirebaseAnalyticsSwift;
		};
		1F5282EF2B16C8D7000F5260 /* FirebaseAnalyticsWithoutAdIdSupport */ = {
			isa = XCSwiftPackageProductDependency;
			package = 1F5282E82B16C8D7000F5260 /* XCRemoteSwiftPackageReference "firebase-ios-sdk" */;
			productName = FirebaseAnalyticsWithoutAdIdSupport;
		};
		1F5282F12B16C8D7000F5260 /* FirebaseAppCheck */ = {
			isa = XCSwiftPackageProductDependency;
			package = 1F5282E82B16C8D7000F5260 /* XCRemoteSwiftPackageReference "firebase-ios-sdk" */;
			productName = FirebaseAppCheck;
		};
		1F5282F32B16C8D7000F5260 /* FirebaseAppDistribution-Beta */ = {
			isa = XCSwiftPackageProductDependency;
			package = 1F5282E82B16C8D7000F5260 /* XCRemoteSwiftPackageReference "firebase-ios-sdk" */;
			productName = "FirebaseAppDistribution-Beta";
		};
		1F5282F52B16C8D7000F5260 /* FirebaseAuth */ = {
			isa = XCSwiftPackageProductDependency;
			package = 1F5282E82B16C8D7000F5260 /* XCRemoteSwiftPackageReference "firebase-ios-sdk" */;
			productName = FirebaseAuth;
		};
		1F5282F72B16C8D7000F5260 /* FirebaseAuthCombine-Community */ = {
			isa = XCSwiftPackageProductDependency;
			package = 1F5282E82B16C8D7000F5260 /* XCRemoteSwiftPackageReference "firebase-ios-sdk" */;
			productName = "FirebaseAuthCombine-Community";
		};
		1F5282F92B16C8D7000F5260 /* FirebaseCrashlytics */ = {
			isa = XCSwiftPackageProductDependency;
			package = 1F5282E82B16C8D7000F5260 /* XCRemoteSwiftPackageReference "firebase-ios-sdk" */;
			productName = FirebaseCrashlytics;
		};
		1F5282FB2B16C8D7000F5260 /* FirebaseDatabase */ = {
			isa = XCSwiftPackageProductDependency;
			package = 1F5282E82B16C8D7000F5260 /* XCRemoteSwiftPackageReference "firebase-ios-sdk" */;
			productName = FirebaseDatabase;
		};
		1F5282FD2B16C8D7000F5260 /* FirebaseDatabaseSwift */ = {
			isa = XCSwiftPackageProductDependency;
			package = 1F5282E82B16C8D7000F5260 /* XCRemoteSwiftPackageReference "firebase-ios-sdk" */;
			productName = FirebaseDatabaseSwift;
		};
		1F5282FF2B16C8D7000F5260 /* FirebaseDynamicLinks */ = {
			isa = XCSwiftPackageProductDependency;
			package = 1F5282E82B16C8D7000F5260 /* XCRemoteSwiftPackageReference "firebase-ios-sdk" */;
			productName = FirebaseDynamicLinks;
		};
		1F5283012B16C8D7000F5260 /* FirebaseFirestore */ = {
			isa = XCSwiftPackageProductDependency;
			package = 1F5282E82B16C8D7000F5260 /* XCRemoteSwiftPackageReference "firebase-ios-sdk" */;
			productName = FirebaseFirestore;
		};
		1F5283032B16C8D7000F5260 /* FirebaseFirestoreCombine-Community */ = {
			isa = XCSwiftPackageProductDependency;
			package = 1F5282E82B16C8D7000F5260 /* XCRemoteSwiftPackageReference "firebase-ios-sdk" */;
			productName = "FirebaseFirestoreCombine-Community";
		};
		1F5283052B16C8D7000F5260 /* FirebaseFirestoreSwift */ = {
			isa = XCSwiftPackageProductDependency;
			package = 1F5282E82B16C8D7000F5260 /* XCRemoteSwiftPackageReference "firebase-ios-sdk" */;
			productName = FirebaseFirestoreSwift;
		};
		1F5283072B16C8D7000F5260 /* FirebaseFunctions */ = {
			isa = XCSwiftPackageProductDependency;
			package = 1F5282E82B16C8D7000F5260 /* XCRemoteSwiftPackageReference "firebase-ios-sdk" */;
			productName = FirebaseFunctions;
		};
		1F5283092B16C8D7000F5260 /* FirebaseFunctionsCombine-Community */ = {
			isa = XCSwiftPackageProductDependency;
			package = 1F5282E82B16C8D7000F5260 /* XCRemoteSwiftPackageReference "firebase-ios-sdk" */;
			productName = "FirebaseFunctionsCombine-Community";
		};
		1F52830B2B16C8D7000F5260 /* FirebaseInAppMessaging-Beta */ = {
			isa = XCSwiftPackageProductDependency;
			package = 1F5282E82B16C8D7000F5260 /* XCRemoteSwiftPackageReference "firebase-ios-sdk" */;
			productName = "FirebaseInAppMessaging-Beta";
		};
		1F52830D2B16C8D7000F5260 /* FirebaseInAppMessagingSwift-Beta */ = {
			isa = XCSwiftPackageProductDependency;
			package = 1F5282E82B16C8D7000F5260 /* XCRemoteSwiftPackageReference "firebase-ios-sdk" */;
			productName = "FirebaseInAppMessagingSwift-Beta";
		};
		1F52830F2B16C8D7000F5260 /* FirebaseInstallations */ = {
			isa = XCSwiftPackageProductDependency;
			package = 1F5282E82B16C8D7000F5260 /* XCRemoteSwiftPackageReference "firebase-ios-sdk" */;
			productName = FirebaseInstallations;
		};
		1F5283112B16C8D7000F5260 /* FirebaseMLModelDownloader */ = {
			isa = XCSwiftPackageProductDependency;
			package = 1F5282E82B16C8D7000F5260 /* XCRemoteSwiftPackageReference "firebase-ios-sdk" */;
			productName = FirebaseMLModelDownloader;
		};
		1F5283132B16C8D7000F5260 /* FirebaseMessaging */ = {
			isa = XCSwiftPackageProductDependency;
			package = 1F5282E82B16C8D7000F5260 /* XCRemoteSwiftPackageReference "firebase-ios-sdk" */;
			productName = FirebaseMessaging;
		};
		1F5283152B16C8D7000F5260 /* FirebasePerformance */ = {
			isa = XCSwiftPackageProductDependency;
			package = 1F5282E82B16C8D7000F5260 /* XCRemoteSwiftPackageReference "firebase-ios-sdk" */;
			productName = FirebasePerformance;
		};
		1F5283172B16C8D7000F5260 /* FirebaseRemoteConfig */ = {
			isa = XCSwiftPackageProductDependency;
			package = 1F5282E82B16C8D7000F5260 /* XCRemoteSwiftPackageReference "firebase-ios-sdk" */;
			productName = FirebaseRemoteConfig;
		};
		1F5283192B16C8D7000F5260 /* FirebaseRemoteConfigSwift */ = {
			isa = XCSwiftPackageProductDependency;
			package = 1F5282E82B16C8D7000F5260 /* XCRemoteSwiftPackageReference "firebase-ios-sdk" */;
			productName = FirebaseRemoteConfigSwift;
		};
		1F52831B2B16C8D7000F5260 /* FirebaseStorage */ = {
			isa = XCSwiftPackageProductDependency;
			package = 1F5282E82B16C8D7000F5260 /* XCRemoteSwiftPackageReference "firebase-ios-sdk" */;
			productName = FirebaseStorage;
		};
		1F52831D2B16C8D7000F5260 /* FirebaseStorageCombine-Community */ = {
			isa = XCSwiftPackageProductDependency;
			package = 1F5282E82B16C8D7000F5260 /* XCRemoteSwiftPackageReference "firebase-ios-sdk" */;
			productName = "FirebaseStorageCombine-Community";
		};
		1F5283252B16CFB2000F5260 /* BetterCodable */ = {
			isa = XCSwiftPackageProductDependency;
			package = 1F5283242B16CFB2000F5260 /* XCRemoteSwiftPackageReference "BetterCodable" */;
			productName = BetterCodable;
		};
		1F9CC6612B0F23ED004DB9B3 /* ComposableArchitecture */ = {
			isa = XCSwiftPackageProductDependency;
			package = 1F9CC6602B0F23ED004DB9B3 /* XCRemoteSwiftPackageReference "swift-composable-architecture" */;
			productName = ComposableArchitecture;
		};
/* End XCSwiftPackageProductDependency section */
	};
	rootObject = 1F9CC62B2B0F236A004DB9B3 /* Project object */;
}
